{
  "nodes": {
    "colloid-gtk": {
      "flake": false,
      "locked": {
        "lastModified": 1757673428,
        "narHash": "sha256-BTEUbU70BxsMXt//ZPxohbOnJwdaiue5Woo4GFpYIAs=",
        "owner": "vinceliuice",
        "repo": "Colloid-gtk-theme",
        "rev": "39b5831dede2f28a6f81f252f3ef238bdcd2d433",
        "type": "github"
      },
      "original": {
        "owner": "vinceliuice",
        "repo": "Colloid-gtk-theme",
        "type": "github"
      }
    },
    "colloid-icon": {
      "flake": false,
      "locked": {
        "lastModified": 1758957439,
        "narHash": "sha256-aSxM0yTvCbrIoJKa6GlJgZ1lhHmKkhbn9HmQnWckMJM=",
        "owner": "vinceliuice",
        "repo": "Colloid-icon-theme",
        "rev": "a33b2ef4f94f743cca5585df973f56edda8dfc00",
        "type": "github"
      },
      "original": {
        "owner": "vinceliuice",
        "repo": "Colloid-icon-theme",
        "type": "github"
      }
    },
    "nixpkgs": {
      "locked": {
        "lastModified": 1759036355,
        "narHash": "sha256-0m27AKv6ka+q270dw48KflE0LwQYrO7Fm4/2//KCVWg=",
        "owner": "NixOS",
        "repo": "nixpkgs",
        "rev": "e9f00bd893984bc8ce46c895c3bf7cac95331127",
        "type": "github"
      },
      "original": {
        "owner": "NixOS",
        "ref": "nixos-unstable",
        "repo": "nixpkgs",
        "type": "github"
      }
    },
    "root": {
      "inputs": {
        "colloid-gtk": "colloid-gtk",
        "colloid-icon": "colloid-icon",
        "nixpkgs": "nixpkgs"
      }
    }
  },
  "root": "root",
  "version": 7
}
