{
  "nodes": {
    "ef-gtk-theme": {
      "flake": false,
      "locked": {
        "lastModified": 1761253526,
        "narHash": "sha256-XHO6NoXJwwZ8gBzZV/hJnVq5BvkEKYWvqLBQT00dGdE=",
        "owner": "Fausto-Korpsvart",
        "repo": "Everforest-GTK-Theme",
        "rev": "9b8be4d6648ae9eaae3dd550105081f8c9054825",
        "type": "github"
      },
      "original": {
        "owner": "Fausto-Korpsvart",
        "repo": "Everforest-GTK-Theme",
        "type": "github"
      }
    },
    "nixpkgs": {
      "locked": {
        "lastModified": 1769461804,
        "narHash": "sha256-msG8SU5WsBUfVVa/9RPLaymvi5bI8edTavbIq3vRlhI=",
        "owner": "NixOS",
        "repo": "nixpkgs",
        "rev": "bfc1b8a4574108ceef22f02bafcf6611380c100d",
        "type": "github"
      },
      "original": {
        "owner": "NixOS",
        "ref": "nixos-unstable",
        "repo": "nixpkgs",
        "type": "github"
      }
    },
    "root": {
      "inputs": {
        "ef-gtk-theme": "ef-gtk-theme",
        "nixpkgs": "nixpkgs"
      }
    }
  },
  "root": "root",
  "version": 7
}
