{
  "nodes": {
    "colloid-gtk": {
      "flake": false,
      "locked": {
        "lastModified": 1764896946,
        "narHash": "sha256-BnULzudLLxzz7hYnUSwW6cbc7F3hX1dR3VHnxrA0zcM=",
        "owner": "vinceliuice",
        "repo": "Colloid-gtk-theme",
        "rev": "fd805dbeeacb12f7971b98408c415c3f472e5aef",
        "type": "github"
      },
      "original": {
        "owner": "vinceliuice",
        "repo": "Colloid-gtk-theme",
        "type": "github"
      }
    },
    "colloid-icon": {
      "flake": false,
      "locked": {
        "lastModified": 1766802091,
        "narHash": "sha256-Mice1/a22c1z2R7ToRioBzOJEJdmVHem6GebdiRof3s=",
        "owner": "vinceliuice",
        "repo": "Colloid-icon-theme",
        "rev": "c9e702beb96f731e2b3bea2fa1c619fa94e79a9f",
        "type": "github"
      },
      "original": {
        "owner": "vinceliuice",
        "repo": "Colloid-icon-theme",
        "type": "github"
      }
    },
    "nixpkgs": {
      "locked": {
        "lastModified": 1769461804,
        "narHash": "sha256-msG8SU5WsBUfVVa/9RPLaymvi5bI8edTavbIq3vRlhI=",
        "owner": "NixOS",
        "repo": "nixpkgs",
        "rev": "bfc1b8a4574108ceef22f02bafcf6611380c100d",
        "type": "github"
      },
      "original": {
        "owner": "NixOS",
        "ref": "nixos-unstable",
        "repo": "nixpkgs",
        "type": "github"
      }
    },
    "root": {
      "inputs": {
        "colloid-gtk": "colloid-gtk",
        "colloid-icon": "colloid-icon",
        "nixpkgs": "nixpkgs"
      }
    }
  },
  "root": "root",
  "version": 7
}
